
Microsoft Visual Studio Solution File, Format Version 12.00
# Visual Studio Version 16
VisualStudioVersion = 25.0.1706.7
MinimumVisualStudioVersion = 10.0.40219.1
Project("{FAE04EC0-301F-11D3-BF4B-00C04F79EFBC}") = "solid", "solid.csproj", "{31A17D49-6CD4-438A-8CA0-A2EA54DDD5F8}"
EndProject
Global
	GlobalSection(SolutionConfigurationPlatforms) = preSolution
		Debug|Any CPU = Debug|Any CPU
		Release|Any CPU = Release|Any CPU
	EndGlobalSection
	GlobalSection(ProjectConfigurationPlatforms) = postSolution
		{31A17D49-6CD4-438A-8CA0-A2EA54DDD5F8}.Debug|Any CPU.ActiveCfg = Debug|Any CPU
		{31A17D49-6CD4-438A-8CA0-A2EA54DDD5F8}.Debug|Any CPU.Build.0 = Debug|Any CPU
		{31A17D49-6CD4-438A-8CA0-A2EA54DDD5F8}.Release|Any CPU.ActiveCfg = Release|Any CPU
		{31A17D49-6CD4-438A-8CA0-A2EA54DDD5F8}.Release|Any CPU.Build.0 = Release|Any CPU
	EndGlobalSection
	GlobalSection(SolutionProperties) = preSolution
		HideSolutionNode = FALSE
	EndGlobalSection
	GlobalSection(ExtensibilityGlobals) = postSolution
		SolutionGuid = {102D1A8D-4DD6-48BE-97E6-FB7833BE9ACA}
	EndGlobalSection
EndGlobal
